
Microsoft Visual Studio Solution File, Format Version 12.00
# Visual Studio 14
VisualStudioVersion = 14.0.23023.0
MinimumVisualStudioVersion = 10.0.40219.1
Project("{FAE04EC0-301F-11D3-BF4B-00C04F79EFBC}") = "UniRx.Library", "UniRx.Library\UniRx.Library.csproj", "{21C57E17-D4B8-4DA4-A6A2-07D8B2E5B3BD}"
EndProject
Project("{FAE04EC0-301F-11D3-BF4B-00C04F79EFBC}") = "UniRx.Library.Unity", "UniRx.Library.Unity\UniRx.Library.Unity.csproj", "{0039CA1D-87A6-4F2F-85DC-659FFE5B56FB}"
EndProject
Project("{FAE04EC0-301F-11D3-BF4B-00C04F79EFBC}") = "UniRx.SystemReactive", "UniRx.SystemReactive\UniRx.SystemReactive.csproj", "{5E93C014-E6AD-46E4-BF5A-E2D0274099E2}"
EndProject
Project("{FAE04EC0-301F-11D3-BF4B-00C04F79EFBC}") = "UniRx.SystemReactive.TypeForwarding", "UniRx.SystemReactive.TypeForwarding\UniRx.SystemReactive.TypeForwarding.csproj", "{527F70C8-6D58-478F-8498-2F88C138AEBE}"
EndProject
Global
	GlobalSection(SolutionConfigurationPlatforms) = preSolution
		Debug|Any CPU = Debug|Any CPU
		Release|Any CPU = Release|Any CPU
	EndGlobalSection
	GlobalSection(ProjectConfigurationPlatforms) = postSolution
		{21C57E17-D4B8-4DA4-A6A2-07D8B2E5B3BD}.Debug|Any CPU.ActiveCfg = Debug|Any CPU
		{21C57E17-D4B8-4DA4-A6A2-07D8B2E5B3BD}.Debug|Any CPU.Build.0 = Debug|Any CPU
		{21C57E17-D4B8-4DA4-A6A2-07D8B2E5B3BD}.Release|Any CPU.ActiveCfg = Release|Any CPU
		{21C57E17-D4B8-4DA4-A6A2-07D8B2E5B3BD}.Release|Any CPU.Build.0 = Release|Any CPU
		{0039CA1D-87A6-4F2F-85DC-659FFE5B56FB}.Debug|Any CPU.ActiveCfg = Debug|Any CPU
		{0039CA1D-87A6-4F2F-85DC-659FFE5B56FB}.Debug|Any CPU.Build.0 = Debug|Any CPU
		{0039CA1D-87A6-4F2F-85DC-659FFE5B56FB}.Release|Any CPU.ActiveCfg = Release|Any CPU
		{0039CA1D-87A6-4F2F-85DC-659FFE5B56FB}.Release|Any CPU.Build.0 = Release|Any CPU
		{5E93C014-E6AD-46E4-BF5A-E2D0274099E2}.Debug|Any CPU.ActiveCfg = Debug|Any CPU
		{5E93C014-E6AD-46E4-BF5A-E2D0274099E2}.Debug|Any CPU.Build.0 = Debug|Any CPU
		{5E93C014-E6AD-46E4-BF5A-E2D0274099E2}.Release|Any CPU.ActiveCfg = Release|Any CPU
		{5E93C014-E6AD-46E4-BF5A-E2D0274099E2}.Release|Any CPU.Build.0 = Release|Any CPU
		{527F70C8-6D58-478F-8498-2F88C138AEBE}.Debug|Any CPU.ActiveCfg = Debug|Any CPU
		{527F70C8-6D58-478F-8498-2F88C138AEBE}.Debug|Any CPU.Build.0 = Debug|Any CPU
		{527F70C8-6D58-478F-8498-2F88C138AEBE}.Release|Any CPU.ActiveCfg = Release|Any CPU
		{527F70C8-6D58-478F-8498-2F88C138AEBE}.Release|Any CPU.Build.0 = Release|Any CPU
	EndGlobalSection
	GlobalSection(SolutionProperties) = preSolution
		HideSolutionNode = FALSE
	EndGlobalSection
EndGlobal
